{
  "name": "airbnb-clone",
  "lockfileVersion": 2,
  "requires": true,
  "packages": {
    "": {
      "dependencies": {
        "@sanity/image-url": "^1.0.2"
      }
    },
    "node_modules/@sanity/image-url": {
      "version": "1.0.2",
      "resolved": "https://registry.npmjs.org/@sanity/image-url/-/image-url-1.0.2.tgz",
      "integrity": "sha512-C4+jb2ny3ZbMgEkLd7Z3C75DsxcTEoE+axXQJsQ75ou0AKWGdVsP351hqK6mJUUxn5HCSlu3vznoh7Yljye4cQ==",
      "engines": {
        "node": ">=10.0.0"
      }
    }
  },
  "dependencies": {
    "@sanity/image-url": {
      "version": "1.0.2",
      "resolved": "https://registry.npmjs.org/@sanity/image-url/-/image-url-1.0.2.tgz",
      "integrity": "sha512-C4+jb2ny3ZbMgEkLd7Z3C75DsxcTEoE+axXQJsQ75ou0AKWGdVsP351hqK6mJUUxn5HCSlu3vznoh7Yljye4cQ=="
    }
  }
}
